
Microsoft Visual Studio Solution File, Format Version 12.00
# Visual Studio Version 17
VisualStudioVersion = 17.5.33530.505
MinimumVisualStudioVersion = 10.0.40219.1
Project("{8BC9CEB8-8B4A-11D0-8D11-00A0C91BC942}") = "Bus_Service_App", "Bus_Service_App\Bus_Service_App.vcxproj", "{C3EC7E19-C13A-4B92-A2ED-F41ED7931FEC}"
EndProject
Global
	GlobalSection(SolutionConfigurationPlatforms) = preSolution
		Debug|x64 = Debug|x64
		Debug|x86 = Debug|x86
		Release|x64 = Release|x64
		Release|x86 = Release|x86
	EndGlobalSection
	GlobalSection(ProjectConfigurationPlatforms) = postSolution
		{C3EC7E19-C13A-4B92-A2ED-F41ED7931FEC}.Debug|x64.ActiveCfg = Debug|x64
		{C3EC7E19-C13A-4B92-A2ED-F41ED7931FEC}.Debug|x64.Build.0 = Debug|x64
		{C3EC7E19-C13A-4B92-A2ED-F41ED7931FEC}.Debug|x86.ActiveCfg = Debug|Win32
		{C3EC7E19-C13A-4B92-A2ED-F41ED7931FEC}.Debug|x86.Build.0 = Debug|Win32
		{C3EC7E19-C13A-4B92-A2ED-F41ED7931FEC}.Release|x64.ActiveCfg = Release|x64
		{C3EC7E19-C13A-4B92-A2ED-F41ED7931FEC}.Release|x64.Build.0 = Release|x64
		{C3EC7E19-C13A-4B92-A2ED-F41ED7931FEC}.Release|x86.ActiveCfg = Release|Win32
		{C3EC7E19-C13A-4B92-A2ED-F41ED7931FEC}.Release|x86.Build.0 = Release|Win32
	EndGlobalSection
	GlobalSection(SolutionProperties) = preSolution
		HideSolutionNode = FALSE
	EndGlobalSection
	GlobalSection(ExtensibilityGlobals) = postSolution
		SolutionGuid = {C64ED8AB-7A06-4A27-AAD4-BFFF140B2C31}
	EndGlobalSection
EndGlobal
